
Microsoft Visual Studio Solution File, Format Version 12.00
# Visual Studio Version 17
VisualStudioVersion = 17.8.34511.84
MinimumVisualStudioVersion = 10.0.40219.1
Project("{9A19103F-16F7-4668-BE54-9A1E7A4F7556}") = "MyFirstProject", "MyFirstProject\MyFirstProject.csproj", "{D1E19EB2-750B-4187-A358-1A97C68BC105}"
EndProject
Project("{9A19103F-16F7-4668-BE54-9A1E7A4F7556}") = "Calculations", "Calculations\Calculations.csproj", "{74CD6209-2E72-4A93-8064-6552EF6DDCF7}"
EndProject
Project("{FAE04EC0-301F-11D3-BF4B-00C04F79EFBC}") = "BinarySearcherTest", "BinarySearcherTest\BinarySearcherTest.csproj", "{B6E25F48-C480-4E55-AC9E-3B8C03F82642}"
EndProject
Project("{FAE04EC0-301F-11D3-BF4B-00C04F79EFBC}") = "BinarySearcher", "BinarySearcher\BinarySearcher.csproj", "{1694C205-3A54-481C-BCBE-1D4390C4056F}"
EndProject
Global
	GlobalSection(SolutionConfigurationPlatforms) = preSolution
		Debug|Any CPU = Debug|Any CPU
		Release|Any CPU = Release|Any CPU
	EndGlobalSection
	GlobalSection(ProjectConfigurationPlatforms) = postSolution
		{D1E19EB2-750B-4187-A358-1A97C68BC105}.Debug|Any CPU.ActiveCfg = Debug|Any CPU
		{D1E19EB2-750B-4187-A358-1A97C68BC105}.Debug|Any CPU.Build.0 = Debug|Any CPU
		{D1E19EB2-750B-4187-A358-1A97C68BC105}.Release|Any CPU.ActiveCfg = Release|Any CPU
		{D1E19EB2-750B-4187-A358-1A97C68BC105}.Release|Any CPU.Build.0 = Release|Any CPU
		{74CD6209-2E72-4A93-8064-6552EF6DDCF7}.Debug|Any CPU.ActiveCfg = Debug|Any CPU
		{74CD6209-2E72-4A93-8064-6552EF6DDCF7}.Debug|Any CPU.Build.0 = Debug|Any CPU
		{74CD6209-2E72-4A93-8064-6552EF6DDCF7}.Release|Any CPU.ActiveCfg = Release|Any CPU
		{74CD6209-2E72-4A93-8064-6552EF6DDCF7}.Release|Any CPU.Build.0 = Release|Any CPU
		{B6E25F48-C480-4E55-AC9E-3B8C03F82642}.Debug|Any CPU.ActiveCfg = Debug|Any CPU
		{B6E25F48-C480-4E55-AC9E-3B8C03F82642}.Debug|Any CPU.Build.0 = Debug|Any CPU
		{B6E25F48-C480-4E55-AC9E-3B8C03F82642}.Release|Any CPU.ActiveCfg = Release|Any CPU
		{B6E25F48-C480-4E55-AC9E-3B8C03F82642}.Release|Any CPU.Build.0 = Release|Any CPU
		{1694C205-3A54-481C-BCBE-1D4390C4056F}.Debug|Any CPU.ActiveCfg = Debug|Any CPU
		{1694C205-3A54-481C-BCBE-1D4390C4056F}.Debug|Any CPU.Build.0 = Debug|Any CPU
		{1694C205-3A54-481C-BCBE-1D4390C4056F}.Release|Any CPU.ActiveCfg = Release|Any CPU
		{1694C205-3A54-481C-BCBE-1D4390C4056F}.Release|Any CPU.Build.0 = Release|Any CPU
	EndGlobalSection
	GlobalSection(SolutionProperties) = preSolution
		HideSolutionNode = FALSE
	EndGlobalSection
	GlobalSection(ExtensibilityGlobals) = postSolution
		SolutionGuid = {CF45CFB7-B015-473F-A669-9D4C88830926}
	EndGlobalSection
EndGlobal
