
Microsoft Visual Studio Solution File, Format Version 12.00
# Visual Studio Version 17
VisualStudioVersion = 17.8.34511.84
MinimumVisualStudioVersion = 10.0.40219.1
Project("{9A19103F-16F7-4668-BE54-9A1E7A4F7556}") = "MyFirstProject", "MyFirstProject\MyFirstProject.csproj", "{D1E19EB2-750B-4187-A358-1A97C68BC105}"
EndProject
Project("{9A19103F-16F7-4668-BE54-9A1E7A4F7556}") = "Calculations", "Calculations\Calculations.csproj", "{74CD6209-2E72-4A93-8064-6552EF6DDCF7}"
EndProject
Project("{9A19103F-16F7-4668-BE54-9A1E7A4F7556}") = "BinarySearcherTest", "BinarySearcherTest\BinarySearcherTest.csproj", "{B6E25F48-C480-4E55-AC9E-3B8C03F82642}"
EndProject
Project("{9A19103F-16F7-4668-BE54-9A1E7A4F7556}") = "BinarySearcher", "BinarySearcher\BinarySearcher.csproj", "{1694C205-3A54-481C-BCBE-1D4390C4056F}"
EndProject
Project("{9A19103F-16F7-4668-BE54-9A1E7A4F7556}") = "UtilitiesAndExtensions", "UtilitiesAndExtensions\UtilitiesAndExtensions.csproj", "{7CD404A7-D59F-4157-AA36-64061A29CA56}"
EndProject
Project("{9A19103F-16F7-4668-BE54-9A1E7A4F7556}") = "AcceptanceTestsBinarySearcher", "AcceptanceTestsBinarySearcher\AcceptanceTestsBinarySearcher.csproj", "{B0342F72-90CF-42B7-A75B-DDB9FF3E6B09}"
EndProject
Project("{9A19103F-16F7-4668-BE54-9A1E7A4F7556}") = "HerokuappAcceptanceScenarios", "SpecFlowProject1\HerokuappAcceptanceScenarios.csproj", "{8FAD2C42-EBA8-44F3-B2F0-A1FDDC622955}"
EndProject
Project("{9A19103F-16F7-4668-BE54-9A1E7A4F7556}") = "HerokuAppOperations", "HerokuAppOperations\HerokuAppOperations.csproj", "{C2115EA3-728D-4110-9370-27E1D4C253F6}"
EndProject
Project("{9A19103F-16F7-4668-BE54-9A1E7A4F7556}") = "HerokuAppPlaywrightAdapter", "HerokuAppPlaywrightAdapter\HerokuAppPlaywrightAdapter.csproj", "{C4463712-2F25-4993-81C0-550F2C319206}"
EndProject
Project("{9A19103F-16F7-4668-BE54-9A1E7A4F7556}") = "HerokuAppSystemTest", "HerokuAppSystemTest\HerokuAppSystemTest.csproj", "{ABE8D7DA-D0FF-404D-B0A6-2D29BABCAA76}"
EndProject
Project("{FAE04EC0-301F-11D3-BF4B-00C04F79EFBC}") = "JPetStoreOperations", "JPetStoreOperations\JPetStoreOperations.csproj", "{E04E3B00-96F2-4446-87E8-3D16F86BE522}"
EndProject
Project("{FAE04EC0-301F-11D3-BF4B-00C04F79EFBC}") = "HerokuAppWebdriverAdapter", "HerokuAppWebdriverAdapter\HerokuAppWebdriverAdapter.csproj", "{D34C8C53-EB05-48C5-AE57-578E2B48A777}"
EndProject
Global
	GlobalSection(SolutionConfigurationPlatforms) = preSolution
		Debug|Any CPU = Debug|Any CPU
		Release|Any CPU = Release|Any CPU
	EndGlobalSection
	GlobalSection(ProjectConfigurationPlatforms) = postSolution
		{D1E19EB2-750B-4187-A358-1A97C68BC105}.Debug|Any CPU.ActiveCfg = Debug|Any CPU
		{D1E19EB2-750B-4187-A358-1A97C68BC105}.Debug|Any CPU.Build.0 = Debug|Any CPU
		{D1E19EB2-750B-4187-A358-1A97C68BC105}.Release|Any CPU.ActiveCfg = Release|Any CPU
		{D1E19EB2-750B-4187-A358-1A97C68BC105}.Release|Any CPU.Build.0 = Release|Any CPU
		{74CD6209-2E72-4A93-8064-6552EF6DDCF7}.Debug|Any CPU.ActiveCfg = Debug|Any CPU
		{74CD6209-2E72-4A93-8064-6552EF6DDCF7}.Debug|Any CPU.Build.0 = Debug|Any CPU
		{74CD6209-2E72-4A93-8064-6552EF6DDCF7}.Release|Any CPU.ActiveCfg = Release|Any CPU
		{74CD6209-2E72-4A93-8064-6552EF6DDCF7}.Release|Any CPU.Build.0 = Release|Any CPU
		{B6E25F48-C480-4E55-AC9E-3B8C03F82642}.Debug|Any CPU.ActiveCfg = Debug|Any CPU
		{B6E25F48-C480-4E55-AC9E-3B8C03F82642}.Debug|Any CPU.Build.0 = Debug|Any CPU
		{B6E25F48-C480-4E55-AC9E-3B8C03F82642}.Release|Any CPU.ActiveCfg = Release|Any CPU
		{B6E25F48-C480-4E55-AC9E-3B8C03F82642}.Release|Any CPU.Build.0 = Release|Any CPU
		{1694C205-3A54-481C-BCBE-1D4390C4056F}.Debug|Any CPU.ActiveCfg = Debug|Any CPU
		{1694C205-3A54-481C-BCBE-1D4390C4056F}.Debug|Any CPU.Build.0 = Debug|Any CPU
		{1694C205-3A54-481C-BCBE-1D4390C4056F}.Release|Any CPU.ActiveCfg = Release|Any CPU
		{1694C205-3A54-481C-BCBE-1D4390C4056F}.Release|Any CPU.Build.0 = Release|Any CPU
		{7CD404A7-D59F-4157-AA36-64061A29CA56}.Debug|Any CPU.ActiveCfg = Debug|Any CPU
		{7CD404A7-D59F-4157-AA36-64061A29CA56}.Debug|Any CPU.Build.0 = Debug|Any CPU
		{7CD404A7-D59F-4157-AA36-64061A29CA56}.Release|Any CPU.ActiveCfg = Release|Any CPU
		{7CD404A7-D59F-4157-AA36-64061A29CA56}.Release|Any CPU.Build.0 = Release|Any CPU
		{B0342F72-90CF-42B7-A75B-DDB9FF3E6B09}.Debug|Any CPU.ActiveCfg = Debug|Any CPU
		{B0342F72-90CF-42B7-A75B-DDB9FF3E6B09}.Debug|Any CPU.Build.0 = Debug|Any CPU
		{B0342F72-90CF-42B7-A75B-DDB9FF3E6B09}.Release|Any CPU.ActiveCfg = Release|Any CPU
		{B0342F72-90CF-42B7-A75B-DDB9FF3E6B09}.Release|Any CPU.Build.0 = Release|Any CPU
		{8FAD2C42-EBA8-44F3-B2F0-A1FDDC622955}.Debug|Any CPU.ActiveCfg = Debug|Any CPU
		{8FAD2C42-EBA8-44F3-B2F0-A1FDDC622955}.Debug|Any CPU.Build.0 = Debug|Any CPU
		{8FAD2C42-EBA8-44F3-B2F0-A1FDDC622955}.Release|Any CPU.ActiveCfg = Release|Any CPU
		{8FAD2C42-EBA8-44F3-B2F0-A1FDDC622955}.Release|Any CPU.Build.0 = Release|Any CPU
		{C2115EA3-728D-4110-9370-27E1D4C253F6}.Debug|Any CPU.ActiveCfg = Debug|Any CPU
		{C2115EA3-728D-4110-9370-27E1D4C253F6}.Debug|Any CPU.Build.0 = Debug|Any CPU
		{C2115EA3-728D-4110-9370-27E1D4C253F6}.Release|Any CPU.ActiveCfg = Release|Any CPU
		{C2115EA3-728D-4110-9370-27E1D4C253F6}.Release|Any CPU.Build.0 = Release|Any CPU
		{C4463712-2F25-4993-81C0-550F2C319206}.Debug|Any CPU.ActiveCfg = Debug|Any CPU
		{C4463712-2F25-4993-81C0-550F2C319206}.Debug|Any CPU.Build.0 = Debug|Any CPU
		{C4463712-2F25-4993-81C0-550F2C319206}.Release|Any CPU.ActiveCfg = Release|Any CPU
		{C4463712-2F25-4993-81C0-550F2C319206}.Release|Any CPU.Build.0 = Release|Any CPU
		{ABE8D7DA-D0FF-404D-B0A6-2D29BABCAA76}.Debug|Any CPU.ActiveCfg = Debug|Any CPU
		{ABE8D7DA-D0FF-404D-B0A6-2D29BABCAA76}.Debug|Any CPU.Build.0 = Debug|Any CPU
		{ABE8D7DA-D0FF-404D-B0A6-2D29BABCAA76}.Release|Any CPU.ActiveCfg = Release|Any CPU
		{ABE8D7DA-D0FF-404D-B0A6-2D29BABCAA76}.Release|Any CPU.Build.0 = Release|Any CPU
		{E04E3B00-96F2-4446-87E8-3D16F86BE522}.Debug|Any CPU.ActiveCfg = Debug|Any CPU
		{E04E3B00-96F2-4446-87E8-3D16F86BE522}.Debug|Any CPU.Build.0 = Debug|Any CPU
		{E04E3B00-96F2-4446-87E8-3D16F86BE522}.Release|Any CPU.ActiveCfg = Release|Any CPU
		{E04E3B00-96F2-4446-87E8-3D16F86BE522}.Release|Any CPU.Build.0 = Release|Any CPU
		{D34C8C53-EB05-48C5-AE57-578E2B48A777}.Debug|Any CPU.ActiveCfg = Debug|Any CPU
		{D34C8C53-EB05-48C5-AE57-578E2B48A777}.Debug|Any CPU.Build.0 = Debug|Any CPU
		{D34C8C53-EB05-48C5-AE57-578E2B48A777}.Release|Any CPU.ActiveCfg = Release|Any CPU
		{D34C8C53-EB05-48C5-AE57-578E2B48A777}.Release|Any CPU.Build.0 = Release|Any CPU
	EndGlobalSection
	GlobalSection(SolutionProperties) = preSolution
		HideSolutionNode = FALSE
	EndGlobalSection
	GlobalSection(ExtensibilityGlobals) = postSolution
		SolutionGuid = {CF45CFB7-B015-473F-A669-9D4C88830926}
	EndGlobalSection
EndGlobal
