
Microsoft Visual Studio Solution File, Format Version 12.00
# Visual Studio Version 17
VisualStudioVersion = 17.9.34728.123
MinimumVisualStudioVersion = 10.0.40219.1
Project("{FAE04EC0-301F-11D3-BF4B-00C04F79EFBC}") = "Calculator", "Calculator\Calculator.csproj", "{70A6C73C-1693-455D-B484-7E7950B47A54}"
EndProject
Project("{FAE04EC0-301F-11D3-BF4B-00C04F79EFBC}") = "FirstProject", "FirstProject\FirstProject.csproj", "{B22025F2-379F-4460-AFCD-9E78B00D2B37}"
EndProject
Global
	GlobalSection(SolutionConfigurationPlatforms) = preSolution
		Debug|Any CPU = Debug|Any CPU
		Release|Any CPU = Release|Any CPU
	EndGlobalSection
	GlobalSection(ProjectConfigurationPlatforms) = postSolution
		{70A6C73C-1693-455D-B484-7E7950B47A54}.Debug|Any CPU.ActiveCfg = Debug|Any CPU
		{70A6C73C-1693-455D-B484-7E7950B47A54}.Debug|Any CPU.Build.0 = Debug|Any CPU
		{70A6C73C-1693-455D-B484-7E7950B47A54}.Release|Any CPU.ActiveCfg = Release|Any CPU
		{70A6C73C-1693-455D-B484-7E7950B47A54}.Release|Any CPU.Build.0 = Release|Any CPU
		{B22025F2-379F-4460-AFCD-9E78B00D2B37}.Debug|Any CPU.ActiveCfg = Debug|Any CPU
		{B22025F2-379F-4460-AFCD-9E78B00D2B37}.Debug|Any CPU.Build.0 = Debug|Any CPU
		{B22025F2-379F-4460-AFCD-9E78B00D2B37}.Release|Any CPU.ActiveCfg = Release|Any CPU
		{B22025F2-379F-4460-AFCD-9E78B00D2B37}.Release|Any CPU.Build.0 = Release|Any CPU
	EndGlobalSection
	GlobalSection(SolutionProperties) = preSolution
		HideSolutionNode = FALSE
	EndGlobalSection
	GlobalSection(ExtensibilityGlobals) = postSolution
		SolutionGuid = {DA9BA668-0C08-4473-9D95-8FFABAECDD4E}
	EndGlobalSection
EndGlobal
